Microsoft Visual Studio Solution File, Format Version 12.00
# Visual Studio 2012
Project("{EF48C5B4-3D5B-B282-96CF-3FF60F80F1BA}") = "Unidon", "Assembly-CSharp.csproj", "{B86F25F3-39B9-8A12-0AE8-4CA487B283D9}"
EndProject
Project("{EF48C5B4-3D5B-B282-96CF-3FF60F80F1BA}") = "Unidon", "Assembly-CSharp-Editor.csproj", "{F1CDFBC3-A08E-8227-E844-0AB7C31EDF1E}"
EndProject
Global
	GlobalSection(SolutionConfigurationPlatforms) = preSolution
		Debug|Any CPU = Debug|Any CPU
		Release|Any CPU = Release|Any CPU
	EndGlobalSection
	GlobalSection(ProjectConfigurationPlatforms) = postSolution
		{B86F25F3-39B9-8A12-0AE8-4CA487B283D9}.Debug|Any CPU.ActiveCfg = Debug|Any CPU
		{B86F25F3-39B9-8A12-0AE8-4CA487B283D9}.Debug|Any CPU.Build.0 = Debug|Any CPU
		{B86F25F3-39B9-8A12-0AE8-4CA487B283D9}.Release|Any CPU.ActiveCfg = Release|Any CPU
		{B86F25F3-39B9-8A12-0AE8-4CA487B283D9}.Release|Any CPU.Build.0 = Release|Any CPU
		{F1CDFBC3-A08E-8227-E844-0AB7C31EDF1E}.Debug|Any CPU.ActiveCfg = Debug|Any CPU
		{F1CDFBC3-A08E-8227-E844-0AB7C31EDF1E}.Debug|Any CPU.Build.0 = Debug|Any CPU
		{F1CDFBC3-A08E-8227-E844-0AB7C31EDF1E}.Release|Any CPU.ActiveCfg = Release|Any CPU
		{F1CDFBC3-A08E-8227-E844-0AB7C31EDF1E}.Release|Any CPU.Build.0 = Release|Any CPU
	EndGlobalSection
	GlobalSection(MonoDevelopProperties) = preSolution
		StartupItem = Assembly-CSharp.csproj
	EndGlobalSection
EndGlobal
